PODS:
  - Firebase (3.3.0):
    - Firebase/Core (= 3.3.0)
  - Firebase/Analytics (3.3.0):
    - FirebaseAnalytics (= 3.2.1)
  - Firebase/Auth (3.3.0):
    - Firebase/Analytics (= 3.3.0)
    - FirebaseAuth (= 3.0.3)
  - Firebase/Core (3.3.0):
    - Firebase/Analytics (= 3.3.0)
  - Firebase/Database (3.3.0):
    - Firebase/Analytics (= 3.3.0)
    - FirebaseDatabase (= 3.0.2)
  - Firebase/Storage (3.3.0):
    - Firebase/Analytics (= 3.3.0)
    - FirebaseStorage (= 1.0.2)
  - FirebaseAnalytics (3.2.1):
    - FirebaseInstanceID (~> 1.0)
    - GoogleInterchangeUtilities (~> 1.2)
    - GoogleSymbolUtilities (~> 1.1)
    - GoogleUtilities (~> 1.3)
  - FirebaseAuth (3.0.3):
    - FirebaseAnalytics (~> 3.2)
    - GoogleNetworkingUtilities (~> 1.2)
    - GoogleParsingUtilities (~> 1.1)
    - GoogleUtilities (~> 1.3)
  - FirebaseDatabase (3.0.2):
    - FirebaseAnalytics (~> 3.2)
  - FirebaseInstanceID (1.0.7)
  - FirebaseStorage (1.0.2):
    - FirebaseAnalytics (~> 3.2)
    - GoogleNetworkingUtilities (~> 1.2)
  - Font-Awesome-Swift (1.4.8)
  - GoogleAppUtilities (1.1.1):
    - GoogleSymbolUtilities (~> 1.0)
  - GoogleAuthUtilities (2.0.1):
    - GoogleNetworkingUtilities (~> 1.0)
    - GoogleSymbolUtilities (~> 1.0)
  - GoogleInterchangeUtilities (1.2.1):
    - GoogleSymbolUtilities (~> 1.0)
  - GoogleMaps (1.13.2)
  - GoogleNetworkingUtilities (1.2.1):
    - GoogleSymbolUtilities (~> 1.0)
  - GoogleParsingUtilities (1.1.1):
    - GoogleNetworkingUtilities (~> 1.0)
    - GoogleSymbolUtilities (~> 1.0)
  - GoogleSignIn (4.0.0):
    - GoogleAppUtilities (~> 1.1)
    - GoogleAuthUtilities (~> 2.0)
    - GoogleNetworkingUtilities (~> 1.2)
    - GoogleUtilities (~> 1.3)
  - GoogleSymbolUtilities (1.1.1)
  - GoogleUtilities (1.3.1):
    - GoogleSymbolUtilities (~> 1.0)
  - HidingNavigationBar (0.3.0)
  - KRProgressHUD (1.5.0)
  - MediaPickerController (1.0.2)
  - ObjectMapper (1.3.0)
  - PTPopupWebView (0.3.0)
  - R.swift (2.4.0):
    - R.swift.Library (~> 2.2.0)
  - R.swift.Library (2.2.0)
  - SlideMenuControllerSwift (2.2.2)
  - SwiftDate (3.0.8)
  - UITextField-Shake-Swift (1.0.3)

DEPENDENCIES:
  - Firebase
  - Firebase/Auth
  - Firebase/Database
  - Firebase/Storage
  - Font-Awesome-Swift (~> 1.4)
  - GoogleMaps
  - GoogleSignIn
  - HidingNavigationBar (~> 0.3)
  - KRProgressHUD (~> 1.4)
  - MediaPickerController (~> 1.0)
  - ObjectMapper (~> 1.3)
  - PTPopupWebView (~> 0.3)
  - R.swift
  - SlideMenuControllerSwift (~> 2.2)
  - SwiftDate (~> 3.0)
  - UITextField-Shake-Swift (~> 1.0)

SPEC CHECKSUMS:
  Firebase: 6250071f0e2440a5c4c67b8cb6b868f868237ac3
  FirebaseAnalytics: 0fd6532cb2c3d03cd5cf26ad295ccb091efd3104
  FirebaseAuth: 5efddc3fae47042b73585f083f956462be4f5b8e
  FirebaseDatabase: 59bea2e7dfd81b3b8b2f8e396caf1a52c2ced6f7
  FirebaseInstanceID: a9d923f3d0b6fbf9fac89310860357aaadc34be5
  FirebaseStorage: fa2a87dee81f682f553af6839daa37a750e65f6a
  Font-Awesome-Swift: 354c9440b0e4d692e31171c84091f3510e8f9468
  GoogleAppUtilities: f1730f91f67767b453c289577040dd3f425ffdc7
  GoogleAuthUtilities: d7a19615cd7627688afcf181737f1011ee8b5a23
  GoogleInterchangeUtilities: def8415a862effc67d549d5b5b0b9c7a2f97d4de
  GoogleMaps: b20a103ff307f58392e603cf142e59d7e30374c1
  GoogleNetworkingUtilities: 3e83269048cfb498dc7ec83ab36813360965c74f
  GoogleParsingUtilities: 30b3896f9ee167dc78747f013d3de157ced1cadf
  GoogleSignIn: 09036ed61f8e75f1424100d63f7719480b2428c3
  GoogleSymbolUtilities: 33117db1b5f290c6fbf259585e4885b4c84b98d7
  GoogleUtilities: 56c5ac05b7aa5dc417a1bb85221a9516e04d7032
  HidingNavigationBar: 6378af14cea27bfef8be73470b081a36d45b87c4
  KRProgressHUD: d5be7766b4718eefc9b674d17c926fe4196a7c77
  MediaPickerController: 3cf444992140a81984275828b8a39228c8f2a107
  ObjectMapper: 4eb08a726e9791a93b2632049951b56a7c17e471
  PTPopupWebView: b2e30f5b9024ae23d0cd071ca0addf2abe99a7c6
  R.swift: 0ef9c42dc6c94ac44a3c78a7639c73f855a8e159
  R.swift.Library: 31a487b65381f37a7d203a6f1f935b43c9be35b0
  SlideMenuControllerSwift: e257221100c39d49edccaaeb0238b55a0c67953a
  SwiftDate: 971f8b9394f664f2226b9c3ab64e801a7291c612
  UITextField-Shake-Swift: 696d23a4af95293db711bd6ebeccd94a95034bd0

PODFILE CHECKSUM: 8df74d04474aa75bc5af03bc4051f94faa66d352

COCOAPODS: 1.0.1
