// !$*UTF8*$!
{
	archiveVersion = 1;
	classes = {
	};
	objectVersion = 46;
	objects = {

/* Begin PBXBuildFile section */
		552153F8D00D1FAC5DCD930F /* Pods_Muve.framework in Frameworks */ = {isa = PBXBuildFile; fileRef = 1F02A14F2BDBA9D1B3AD686C /* Pods_Muve.framework */; };
		A70E91761D18930200C287A6 /* LoginViewController.swift in Sources */ = {isa = PBXBuildFile; fileRef = A70E91751D18930200C287A6 /* LoginViewController.swift */; };
		A70E917C1D1895D400C287A6 /* Constants.swift in Sources */ = {isa = PBXBuildFile; fileRef = A70E917B1D1895D400C287A6 /* Constants.swift */; };
		A70E91801D18971400C287A6 /* UIViewController+Helper.swift in Sources */ = {isa = PBXBuildFile; fileRef = A70E917E1D18971400C287A6 /* UIViewController+Helper.swift */; };
		A72AD5661D1880F100FFC381 /* AppDelegate.swift in Sources */ = {isa = PBXBuildFile; fileRef = A72AD5651D1880F100FFC381 /* AppDelegate.swift */; };
		A72AD5681D18810400FFC381 /* Assets.xcassets in Resources */ = {isa = PBXBuildFile; fileRef = A72AD5671D18810400FFC381 /* Assets.xcassets */; };
		A72AD56A1D18811700FFC381 /* Main.storyboard in Resources */ = {isa = PBXBuildFile; fileRef = A72AD5691D18811700FFC381 /* Main.storyboard */; };
		A72AD56C1D18812700FFC381 /* autoupdate-build-version.sh in Resources */ = {isa = PBXBuildFile; fileRef = A72AD56B1D18812700FFC381 /* autoupdate-build-version.sh */; };
		A72AD56F1D1881EF00FFC381 /* GoogleService-Info.plist in Resources */ = {isa = PBXBuildFile; fileRef = A72AD56D1D1881EF00FFC381 /* GoogleService-Info.plist */; };
		CD4D11EE1D0B0A4D00A0DBD3 /* LaunchScreen.storyboard in Resources */ = {isa = PBXBuildFile; fileRef = CD4D11EC1D0B0A4D00A0DBD3 /* LaunchScreen.storyboard */; };
/* End PBXBuildFile section */

/* Begin PBXFileReference section */
		13FE3B48A69A11F696CE4481 /* Pods-Muve.release.xcconfig */ = {isa = PBXFileReference; includeInIndex = 1; lastKnownFileType = text.xcconfig; name = "Pods-Muve.release.xcconfig"; path = "Pods/Target Support Files/Pods-Muve/Pods-Muve.release.xcconfig"; sourceTree = "<group>"; };
		1F02A14F2BDBA9D1B3AD686C /* Pods_Muve.framework */ = {isa = PBXFileReference; explicitFileType = wrapper.framework; includeInIndex = 0; path = Pods_Muve.framework; sourceTree = BUILT_PRODUCTS_DIR; };
		A70E91751D18930200C287A6 /* LoginViewController.swift */ = {isa = PBXFileReference; fileEncoding = 4; lastKnownFileType = sourcecode.swift; name = LoginViewController.swift; path = Classes/Controllers/Login/LoginViewController.swift; sourceTree = "<group>"; };
		A70E917B1D1895D400C287A6 /* Constants.swift */ = {isa = PBXFileReference; fileEncoding = 4; lastKnownFileType = sourcecode.swift; name = Constants.swift; path = Classes/Common/Constants.swift; sourceTree = "<group>"; };
		A70E917E1D18971400C287A6 /* UIViewController+Helper.swift */ = {isa = PBXFileReference; fileEncoding = 4; lastKnownFileType = sourcecode.swift; name = "UIViewController+Helper.swift"; path = "Classes/Common/Extentions/UIViewController+Helper.swift"; sourceTree = "<group>"; };
		A72AD5651D1880F100FFC381 /* AppDelegate.swift */ = {isa = PBXFileReference; fileEncoding = 4; lastKnownFileType = sourcecode.swift; name = AppDelegate.swift; path = Classes/AppDelegate.swift; sourceTree = "<group>"; };
		A72AD5671D18810400FFC381 /* Assets.xcassets */ = {isa = PBXFileReference; lastKnownFileType = folder.assetcatalog; name = Assets.xcassets; path = Resources/Assets.xcassets; sourceTree = "<group>"; };
		A72AD5691D18811700FFC381 /* Main.storyboard */ = {isa = PBXFileReference; fileEncoding = 4; lastKnownFileType = file.storyboard; name = Main.storyboard; path = Resources/Storyboards/Main.storyboard; sourceTree = "<group>"; };
		A72AD56B1D18812700FFC381 /* autoupdate-build-version.sh */ = {isa = PBXFileReference; fileEncoding = 4; lastKnownFileType = text.script.sh; name = "autoupdate-build-version.sh"; path = "Resources/Scripts/autoupdate-build-version.sh"; sourceTree = "<group>"; };
		A72AD56D1D1881EF00FFC381 /* GoogleService-Info.plist */ = {isa = PBXFileReference; fileEncoding = 4; lastKnownFileType = text.plist.xml; name = "GoogleService-Info.plist"; path = "Resources/Infos/GoogleService-Info.plist"; sourceTree = "<group>"; };
		A72AD56E1D1881EF00FFC381 /* Info.plist */ = {isa = PBXFileReference; fileEncoding = 4; lastKnownFileType = text.plist.xml; name = Info.plist; path = Resources/Infos/Info.plist; sourceTree = "<group>"; };
		A72AD5741D188C0700FFC381 /* Muve-Bridging-Header.h */ = {isa = PBXFileReference; lastKnownFileType = sourcecode.c.h; name = "Muve-Bridging-Header.h"; path = "Classes/Common/Muve-Bridging-Header.h"; sourceTree = "<group>"; };
		B18BC3347F88306CE5D5FE02 /* Pods-Muve.debug.xcconfig */ = {isa = PBXFileReference; includeInIndex = 1; lastKnownFileType = text.xcconfig; name = "Pods-Muve.debug.xcconfig"; path = "Pods/Target Support Files/Pods-Muve/Pods-Muve.debug.xcconfig"; sourceTree = "<group>"; };
		CD4D11E01D0B0A4C00A0DBD3 /* Muve.app */ = {isa = PBXFileReference; explicitFileType = wrapper.application; includeInIndex = 0; path = Muve.app; sourceTree = BUILT_PRODUCTS_DIR; };
		CD4D11ED1D0B0A4D00A0DBD3 /* Base */ = {isa = PBXFileReference; lastKnownFileType = file.storyboard; name = Base; path = Base.lproj/LaunchScreen.storyboard; sourceTree = "<group>"; };
/* End PBXFileReference section */

/* Begin PBXFrameworksBuildPhase section */
		CD4D11DD1D0B0A4C00A0DBD3 /* Frameworks */ = {
			isa = PBXFrameworksBuildPhase;
			buildActionMask = 2147483647;
			files = (
				552153F8D00D1FAC5DCD930F /* Pods_Muve.framework in Frameworks */,
			);
			runOnlyForDeploymentPostprocessing = 0;
		};
/* End PBXFrameworksBuildPhase section */

/* Begin PBXGroup section */
		7C38BDB114604FEE4A6131A3 /* Frameworks */ = {
			isa = PBXGroup;
			children = (
				1F02A14F2BDBA9D1B3AD686C /* Pods_Muve.framework */,
			);
			name = Frameworks;
			sourceTree = "<group>";
		};
		A70E91741D1892DC00C287A6 /* Login */ = {
			isa = PBXGroup;
			children = (
				A70E91751D18930200C287A6 /* LoginViewController.swift */,
			);
			name = Login;
			sourceTree = "<group>";
		};
		A72AD55B1D187E4900FFC381 /* Classes */ = {
			isa = PBXGroup;
			children = (
				A72AD5731D188B2800FFC381 /* Protocols */,
				A72AD5721D188B2100FFC381 /* Controllers */,
				A72AD5711D188AFD00FFC381 /* Common */,
				A72AD5651D1880F100FFC381 /* AppDelegate.swift */,
			);
			name = Classes;
			sourceTree = "<group>";
		};
		A72AD55C1D187E5900FFC381 /* Resources */ = {
			isa = PBXGroup;
			children = (
				A72AD5601D187E7D00FFC381 /* Storyboards */,
				A72AD55F1D187E7800FFC381 /* Scripts */,
				A72AD55E1D187E7300FFC381 /* Infos */,
				A72AD55D1D187E6600FFC381 /* Fonts */,
			);
			name = Resources;
			sourceTree = "<group>";
		};
		A72AD55D1D187E6600FFC381 /* Fonts */ = {
			isa = PBXGroup;
			children = (
			);
			name = Fonts;
			sourceTree = "<group>";
		};
		A72AD55E1D187E7300FFC381 /* Infos */ = {
			isa = PBXGroup;
			children = (
				A72AD56D1D1881EF00FFC381 /* GoogleService-Info.plist */,
				A72AD56E1D1881EF00FFC381 /* Info.plist */,
			);
			name = Infos;
			sourceTree = "<group>";
		};
		A72AD55F1D187E7800FFC381 /* Scripts */ = {
			isa = PBXGroup;
			children = (
				A72AD56B1D18812700FFC381 /* autoupdate-build-version.sh */,
			);
			name = Scripts;
			sourceTree = "<group>";
		};
		A72AD5601D187E7D00FFC381 /* Storyboards */ = {
			isa = PBXGroup;
			children = (
				A72AD5691D18811700FFC381 /* Main.storyboard */,
				CD4D11EC1D0B0A4D00A0DBD3 /* LaunchScreen.storyboard */,
			);
			name = Storyboards;
			sourceTree = "<group>";
		};
		A72AD5611D187EA100FFC381 /* Extentions */ = {
			isa = PBXGroup;
			children = (
				A70E917E1D18971400C287A6 /* UIViewController+Helper.swift */,
			);
			name = Extentions;
			sourceTree = "<group>";
		};
		A72AD5621D187EAA00FFC381 /* Helpers */ = {
			isa = PBXGroup;
			children = (
			);
			name = Helpers;
			sourceTree = "<group>";
		};
		A72AD5631D187EEF00FFC381 /* Model */ = {
			isa = PBXGroup;
			children = (
			);
			name = Model;
			sourceTree = "<group>";
		};
		A72AD5641D187F0500FFC381 /* Vendors */ = {
			isa = PBXGroup;
			children = (
			);
			name = Vendors;
			sourceTree = "<group>";
		};
		A72AD5711D188AFD00FFC381 /* Common */ = {
			isa = PBXGroup;
			children = (
				A72AD5641D187F0500FFC381 /* Vendors */,
				A72AD5631D187EEF00FFC381 /* Model */,
				A72AD5621D187EAA00FFC381 /* Helpers */,
				A72AD5611D187EA100FFC381 /* Extentions */,
				A72AD5741D188C0700FFC381 /* Muve-Bridging-Header.h */,
				A70E917B1D1895D400C287A6 /* Constants.swift */,
			);
			name = Common;
			sourceTree = "<group>";
		};
		A72AD5721D188B2100FFC381 /* Controllers */ = {
			isa = PBXGroup;
			children = (
				A70E91741D1892DC00C287A6 /* Login */,
			);
			name = Controllers;
			sourceTree = "<group>";
		};
		A72AD5731D188B2800FFC381 /* Protocols */ = {
			isa = PBXGroup;
			children = (
			);
			name = Protocols;
			sourceTree = "<group>";
		};
		CD4D11D71D0B0A4C00A0DBD3 = {
			isa = PBXGroup;
			children = (
				CD4D11E21D0B0A4C00A0DBD3 /* Muve */,
				CD4D11E11D0B0A4C00A0DBD3 /* Products */,
				CE85237F2EA0BA2FEB7E7829 /* Pods */,
				7C38BDB114604FEE4A6131A3 /* Frameworks */,
			);
			sourceTree = "<group>";
		};
		CD4D11E11D0B0A4C00A0DBD3 /* Products */ = {
			isa = PBXGroup;
			children = (
				CD4D11E01D0B0A4C00A0DBD3 /* Muve.app */,
			);
			name = Products;
			sourceTree = "<group>";
		};
		CD4D11E21D0B0A4C00A0DBD3 /* Muve */ = {
			isa = PBXGroup;
			children = (
				A72AD55B1D187E4900FFC381 /* Classes */,
				A72AD55C1D187E5900FFC381 /* Resources */,
				A72AD5671D18810400FFC381 /* Assets.xcassets */,
			);
			path = Muve;
			sourceTree = "<group>";
		};
		CE85237F2EA0BA2FEB7E7829 /* Pods */ = {
			isa = PBXGroup;
			children = (
				B18BC3347F88306CE5D5FE02 /* Pods-Muve.debug.xcconfig */,
				13FE3B48A69A11F696CE4481 /* Pods-Muve.release.xcconfig */,
			);
			name = Pods;
			sourceTree = "<group>";
		};
/* End PBXGroup section */

/* Begin PBXNativeTarget section */
		CD4D11DF1D0B0A4C00A0DBD3 /* Muve */ = {
			isa = PBXNativeTarget;
			buildConfigurationList = CD4D11F21D0B0A4D00A0DBD3 /* Build configuration list for PBXNativeTarget "Muve" */;
			buildPhases = (
				F684DD45020A6221AF8854A5 /* [CP] Check Pods Manifest.lock */,
				CD4D11DC1D0B0A4C00A0DBD3 /* Sources */,
				CD4D11DD1D0B0A4C00A0DBD3 /* Frameworks */,
				CD4D11DE1D0B0A4C00A0DBD3 /* Resources */,
				9B45D0B5E5487440E03945DF /* [CP] Embed Pods Frameworks */,
				CCFDA82E41B490676B0A67E3 /* [CP] Copy Pods Resources */,
			);
			buildRules = (
			);
			dependencies = (
			);
			name = Muve;
			productName = Muve;
			productReference = CD4D11E01D0B0A4C00A0DBD3 /* Muve.app */;
			productType = "com.apple.product-type.application";
		};
/* End PBXNativeTarget section */

/* Begin PBXProject section */
		CD4D11D81D0B0A4C00A0DBD3 /* Project object */ = {
			isa = PBXProject;
			attributes = {
				LastSwiftUpdateCheck = 0730;
				LastUpgradeCheck = 0720;
				ORGANIZATIONNAME = Muve;
				TargetAttributes = {
					CD4D11DF1D0B0A4C00A0DBD3 = {
						CreatedOnToolsVersion = 7.2;
						DevelopmentTeam = C55XMLS7R2;
					};
				};
			};
			buildConfigurationList = CD4D11DB1D0B0A4C00A0DBD3 /* Build configuration list for PBXProject "Muve" */;
			compatibilityVersion = "Xcode 3.2";
			developmentRegion = English;
			hasScannedForEncodings = 0;
			knownRegions = (
				en,
				Base,
			);
			mainGroup = CD4D11D71D0B0A4C00A0DBD3;
			productRefGroup = CD4D11E11D0B0A4C00A0DBD3 /* Products */;
			projectDirPath = "";
			projectRoot = "";
			targets = (
				CD4D11DF1D0B0A4C00A0DBD3 /* Muve */,
			);
		};
/* End PBXProject section */

/* Begin PBXResourcesBuildPhase section */
		CD4D11DE1D0B0A4C00A0DBD3 /* Resources */ = {
			isa = PBXResourcesBuildPhase;
			buildActionMask = 2147483647;
			files = (
				A72AD56C1D18812700FFC381 /* autoupdate-build-version.sh in Resources */,
				A72AD56A1D18811700FFC381 /* Main.storyboard in Resources */,
				A72AD56F1D1881EF00FFC381 /* GoogleService-Info.plist in Resources */,
				CD4D11EE1D0B0A4D00A0DBD3 /* LaunchScreen.storyboard in Resources */,
				A72AD5681D18810400FFC381 /* Assets.xcassets in Resources */,
			);
			runOnlyForDeploymentPostprocessing = 0;
		};
/* End PBXResourcesBuildPhase section */

/* Begin PBXShellScriptBuildPhase section */
		9B45D0B5E5487440E03945DF /* [CP] Embed Pods Frameworks */ = {
			isa = PBXShellScriptBuildPhase;
			buildActionMask = 2147483647;
			files = (
			);
			inputPaths = (
			);
			name = "[CP] Embed Pods Frameworks";
			outputPaths = (
			);
			runOnlyForDeploymentPostprocessing = 0;
			shellPath = /bin/sh;
			shellScript = "\"${SRCROOT}/Pods/Target Support Files/Pods-Muve/Pods-Muve-frameworks.sh\"\n";
			showEnvVarsInLog = 0;
		};
		CCFDA82E41B490676B0A67E3 /* [CP] Copy Pods Resources */ = {
			isa = PBXShellScriptBuildPhase;
			buildActionMask = 2147483647;
			files = (
			);
			inputPaths = (
			);
			name = "[CP] Copy Pods Resources";
			outputPaths = (
			);
			runOnlyForDeploymentPostprocessing = 0;
			shellPath = /bin/sh;
			shellScript = "\"${SRCROOT}/Pods/Target Support Files/Pods-Muve/Pods-Muve-resources.sh\"\n";
			showEnvVarsInLog = 0;
		};
		F684DD45020A6221AF8854A5 /* [CP] Check Pods Manifest.lock */ = {
			isa = PBXShellScriptBuildPhase;
			buildActionMask = 2147483647;
			files = (
			);
			inputPaths = (
			);
			name = "[CP] Check Pods Manifest.lock";
			outputPaths = (
			);
			runOnlyForDeploymentPostprocessing = 0;
			shellPath = /bin/sh;
			shellScript = "diff \"${PODS_ROOT}/../Podfile.lock\" \"${PODS_ROOT}/Manifest.lock\" > /dev/null\nif [[ $? != 0 ]] ; then\n    cat << EOM\nerror: The sandbox is not in sync with the Podfile.lock. Run 'pod install' or update your CocoaPods installation.\nEOM\n    exit 1\nfi\n";
			showEnvVarsInLog = 0;
		};
/* End PBXShellScriptBuildPhase section */

/* Begin PBXSourcesBuildPhase section */
		CD4D11DC1D0B0A4C00A0DBD3 /* Sources */ = {
			isa = PBXSourcesBuildPhase;
			buildActionMask = 2147483647;
			files = (
				A70E91801D18971400C287A6 /* UIViewController+Helper.swift in Sources */,
				A70E91761D18930200C287A6 /* LoginViewController.swift in Sources */,
				A72AD5661D1880F100FFC381 /* AppDelegate.swift in Sources */,
				A70E917C1D1895D400C287A6 /* Constants.swift in Sources */,
			);
			runOnlyForDeploymentPostprocessing = 0;
		};
/* End PBXSourcesBuildPhase section */

/* Begin PBXVariantGroup section */
		CD4D11EC1D0B0A4D00A0DBD3 /* LaunchScreen.storyboard */ = {
			isa = PBXVariantGroup;
			children = (
				CD4D11ED1D0B0A4D00A0DBD3 /* Base */,
			);
			name = LaunchScreen.storyboard;
			sourceTree = "<group>";
		};
/* End PBXVariantGroup section */

/* Begin XCBuildConfiguration section */
		CD4D11F01D0B0A4D00A0DBD3 /* Debug */ = {
			isa = XCBuildConfiguration;
			buildSettings = {
				ALWAYS_SEARCH_USER_PATHS = NO;
				CLANG_CXX_LANGUAGE_STANDARD = "gnu++0x";
				CLANG_CXX_LIBRARY = "libc++";
				CLANG_ENABLE_MODULES = YES;
				CLANG_ENABLE_OBJC_ARC = YES;
				CLANG_WARN_BOOL_CONVERSION = YES;
				CLANG_WARN_CONSTANT_CONVERSION = YES;
				CLANG_WARN_DIRECT_OBJC_ISA_USAGE = YES_ERROR;
				CLANG_WARN_EMPTY_BODY = YES;
				CLANG_WARN_ENUM_CONVERSION = YES;
				CLANG_WARN_INT_CONVERSION = YES;
				CLANG_WARN_OBJC_ROOT_CLASS = YES_ERROR;
				CLANG_WARN_UNREACHABLE_CODE = YES;
				CLANG_WARN__DUPLICATE_METHOD_MATCH = YES;
				"CODE_SIGN_IDENTITY[sdk=iphoneos*]" = "iPhone Developer";
				COPY_PHASE_STRIP = NO;
				DEBUG_INFORMATION_FORMAT = dwarf;
				ENABLE_STRICT_OBJC_MSGSEND = YES;
				ENABLE_TESTABILITY = YES;
				GCC_C_LANGUAGE_STANDARD = gnu99;
				GCC_DYNAMIC_NO_PIC = NO;
				GCC_NO_COMMON_BLOCKS = YES;
				GCC_OPTIMIZATION_LEVEL = 0;
				GCC_PREPROCESSOR_DEFINITIONS = (
					"DEBUG=1",
					"$(inherited)",
				);
				GCC_WARN_64_TO_32_BIT_CONVERSION = YES;
				GCC_WARN_ABOUT_RETURN_TYPE = YES_ERROR;
				GCC_WARN_UNDECLARED_SELECTOR = YES;
				GCC_WARN_UNINITIALIZED_AUTOS = YES_AGGRESSIVE;
				GCC_WARN_UNUSED_FUNCTION = YES;
				GCC_WARN_UNUSED_VARIABLE = YES;
				IPHONEOS_DEPLOYMENT_TARGET = 9.2;
				MTL_ENABLE_DEBUG_INFO = YES;
				ONLY_ACTIVE_ARCH = YES;
				SDKROOT = iphoneos;
				SWIFT_OPTIMIZATION_LEVEL = "-Onone";
				TARGETED_DEVICE_FAMILY = "1,2";
			};
			name = Debug;
		};
		CD4D11F11D0B0A4D00A0DBD3 /* Release */ = {
			isa = XCBuildConfiguration;
			buildSettings = {
				ALWAYS_SEARCH_USER_PATHS = NO;
				CLANG_CXX_LANGUAGE_STANDARD = "gnu++0x";
				CLANG_CXX_LIBRARY = "libc++";
				CLANG_ENABLE_MODULES = YES;
				CLANG_ENABLE_OBJC_ARC = YES;
				CLANG_WARN_BOOL_CONVERSION = YES;
				CLANG_WARN_CONSTANT_CONVERSION = YES;
				CLANG_WARN_DIRECT_OBJC_ISA_USAGE = YES_ERROR;
				CLANG_WARN_EMPTY_BODY = YES;
				CLANG_WARN_ENUM_CONVERSION = YES;
				CLANG_WARN_INT_CONVERSION = YES;
				CLANG_WARN_OBJC_ROOT_CLASS = YES_ERROR;
				CLANG_WARN_UNREACHABLE_CODE = YES;
				CLANG_WARN__DUPLICATE_METHOD_MATCH = YES;
				"CODE_SIGN_IDENTITY[sdk=iphoneos*]" = "iPhone Developer";
				COPY_PHASE_STRIP = NO;
				DEBUG_INFORMATION_FORMAT = "dwarf-with-dsym";
				ENABLE_NS_ASSERTIONS = NO;
				ENABLE_STRICT_OBJC_MSGSEND = YES;
				GCC_C_LANGUAGE_STANDARD = gnu99;
				GCC_NO_COMMON_BLOCKS = YES;
				GCC_WARN_64_TO_32_BIT_CONVERSION = YES;
				GCC_WARN_ABOUT_RETURN_TYPE = YES_ERROR;
				GCC_WARN_UNDECLARED_SELECTOR = YES;
				GCC_WARN_UNINITIALIZED_AUTOS = YES_AGGRESSIVE;
				GCC_WARN_UNUSED_FUNCTION = YES;
				GCC_WARN_UNUSED_VARIABLE = YES;
				IPHONEOS_DEPLOYMENT_TARGET = 9.2;
				MTL_ENABLE_DEBUG_INFO = NO;
				SDKROOT = iphoneos;
				TARGETED_DEVICE_FAMILY = "1,2";
				VALIDATE_PRODUCT = YES;
			};
			name = Release;
		};
		CD4D11F31D0B0A4D00A0DBD3 /* Debug */ = {
			isa = XCBuildConfiguration;
			baseConfigurationReference = B18BC3347F88306CE5D5FE02 /* Pods-Muve.debug.xcconfig */;
			buildSettings = {
				ASSETCATALOG_COMPILER_APPICON_NAME = AppIcon;
				CLANG_ENABLE_MODULES = YES;
				CODE_SIGN_IDENTITY = "iPhone Developer";
				"CODE_SIGN_IDENTITY[sdk=iphoneos*]" = "iPhone Developer";
				INFOPLIST_FILE = "$(SRCROOT)/Muve/Resources/Infos/Info.plist";
				IPHONEOS_DEPLOYMENT_TARGET = 8.0;
				LD_RUNPATH_SEARCH_PATHS = "$(inherited) @executable_path/Frameworks";
				PRODUCT_BUNDLE_IDENTIFIER = com.muveapp.muve;
				PRODUCT_NAME = "$(TARGET_NAME)";
				PROVISIONING_PROFILE = "";
				SWIFT_OBJC_BRIDGING_HEADER = "Muve/Classes/Common/Muve-Bridging-Header.h";
				SWIFT_OPTIMIZATION_LEVEL = "-Onone";
			};
			name = Debug;
		};
		CD4D11F41D0B0A4D00A0DBD3 /* Release */ = {
			isa = XCBuildConfiguration;
			baseConfigurationReference = 13FE3B48A69A11F696CE4481 /* Pods-Muve.release.xcconfig */;
			buildSettings = {
				ASSETCATALOG_COMPILER_APPICON_NAME = AppIcon;
				CLANG_ENABLE_MODULES = YES;
				CODE_SIGN_IDENTITY = "iPhone Developer";
				"CODE_SIGN_IDENTITY[sdk=iphoneos*]" = "iPhone Developer";
				INFOPLIST_FILE = "$(SRCROOT)/Muve/Resources/Infos/Info.plist";
				IPHONEOS_DEPLOYMENT_TARGET = 8.0;
				LD_RUNPATH_SEARCH_PATHS = "$(inherited) @executable_path/Frameworks";
				PRODUCT_BUNDLE_IDENTIFIER = com.muveapp.muve;
				PRODUCT_NAME = "$(TARGET_NAME)";
				PROVISIONING_PROFILE = "";
				SWIFT_OBJC_BRIDGING_HEADER = "Muve/Classes/Common/Muve-Bridging-Header.h";
			};
			name = Release;
		};
/* End XCBuildConfiguration section */

/* Begin XCConfigurationList section */
		CD4D11DB1D0B0A4C00A0DBD3 /* Build configuration list for PBXProject "Muve" */ = {
			isa = XCConfigurationList;
			buildConfigurations = (
				CD4D11F01D0B0A4D00A0DBD3 /* Debug */,
				CD4D11F11D0B0A4D00A0DBD3 /* Release */,
			);
			defaultConfigurationIsVisible = 0;
			defaultConfigurationName = Release;
		};
		CD4D11F21D0B0A4D00A0DBD3 /* Build configuration list for PBXNativeTarget "Muve" */ = {
			isa = XCConfigurationList;
			buildConfigurations = (
				CD4D11F31D0B0A4D00A0DBD3 /* Debug */,
				CD4D11F41D0B0A4D00A0DBD3 /* Release */,
			);
			defaultConfigurationIsVisible = 0;
			defaultConfigurationName = Release;
		};
/* End XCConfigurationList section */
	};
	rootObject = CD4D11D81D0B0A4C00A0DBD3 /* Project object */;
}
